
Microsoft Visual Studio Solution File, Format Version 12.00
# Visual Studio Version 17
VisualStudioVersion = 17.5.33530.505
MinimumVisualStudioVersion = 10.0.40219.1
Project("{2150E333-8FDC-42A3-9474-1A3956D46DE8}") = "CloudSources", "CloudSources", "{61D1C65D-5B18-4AD0-9B57-5D1A767CE740}"
EndProject
Project("{2150E333-8FDC-42A3-9474-1A3956D46DE8}") = "Core Projects", "Core Projects", "{B8911CCC-4743-4FA7-AB77-92324299A49B}"
EndProject
Project("{9A19103F-16F7-4668-BE54-9A1E7A4F7556}") = "CloudMigrationSource.GDrive", "CloudMigrationSource.GDrive\CloudMigrationSource.GDrive.csproj", "{71C42BD4-1248-4A9A-8D7B-743027236CA1}"
EndProject
Project("{9A19103F-16F7-4668-BE54-9A1E7A4F7556}") = "CloudMigrationSource.OneDrive", "CloudMigrationSource.OneDrive\CloudMigrationSource.OneDrive.csproj", "{848016B0-4CBB-4783-B305-9D1E764A5339}"
EndProject
Project("{9A19103F-16F7-4668-BE54-9A1E7A4F7556}") = "CloudMigrationTool.Core", "CloudMigrationTool.Core\CloudMigrationTool.Core.csproj", "{2AB749C1-F62E-44EE-AE6C-043D5CF537FF}"
EndProject
Project("{9A19103F-16F7-4668-BE54-9A1E7A4F7556}") = "CloudMigrationTool", "CloudMigrationTool\CloudMigrationTool.csproj", "{832BF22C-6BC9-4220-89CD-D245D136557B}"
EndProject
Project("{2150E333-8FDC-42A3-9474-1A3956D46DE8}") = "Itens de Solução", "Itens de Solução", "{90FE9CA0-9B63-4010-B298-8D2FFD8A7A0C}"
	ProjectSection(SolutionItems) = preProject
		Directory.Build.props = Directory.Build.props
	EndProjectSection
EndProject
Global
	GlobalSection(SolutionConfigurationPlatforms) = preSolution
		Debug|Any CPU = Debug|Any CPU
		Release|Any CPU = Release|Any CPU
	EndGlobalSection
	GlobalSection(ProjectConfigurationPlatforms) = postSolution
		{71C42BD4-1248-4A9A-8D7B-743027236CA1}.Debug|Any CPU.ActiveCfg = Debug|Any CPU
		{71C42BD4-1248-4A9A-8D7B-743027236CA1}.Debug|Any CPU.Build.0 = Debug|Any CPU
		{71C42BD4-1248-4A9A-8D7B-743027236CA1}.Release|Any CPU.ActiveCfg = Release|Any CPU
		{71C42BD4-1248-4A9A-8D7B-743027236CA1}.Release|Any CPU.Build.0 = Release|Any CPU
		{848016B0-4CBB-4783-B305-9D1E764A5339}.Debug|Any CPU.ActiveCfg = Debug|Any CPU
		{848016B0-4CBB-4783-B305-9D1E764A5339}.Debug|Any CPU.Build.0 = Debug|Any CPU
		{848016B0-4CBB-4783-B305-9D1E764A5339}.Release|Any CPU.ActiveCfg = Release|Any CPU
		{848016B0-4CBB-4783-B305-9D1E764A5339}.Release|Any CPU.Build.0 = Release|Any CPU
		{2AB749C1-F62E-44EE-AE6C-043D5CF537FF}.Debug|Any CPU.ActiveCfg = Debug|Any CPU
		{2AB749C1-F62E-44EE-AE6C-043D5CF537FF}.Debug|Any CPU.Build.0 = Debug|Any CPU
		{2AB749C1-F62E-44EE-AE6C-043D5CF537FF}.Release|Any CPU.ActiveCfg = Release|Any CPU
		{2AB749C1-F62E-44EE-AE6C-043D5CF537FF}.Release|Any CPU.Build.0 = Release|Any CPU
		{832BF22C-6BC9-4220-89CD-D245D136557B}.Debug|Any CPU.ActiveCfg = Debug|Any CPU
		{832BF22C-6BC9-4220-89CD-D245D136557B}.Debug|Any CPU.Build.0 = Debug|Any CPU
		{832BF22C-6BC9-4220-89CD-D245D136557B}.Release|Any CPU.ActiveCfg = Release|Any CPU
		{832BF22C-6BC9-4220-89CD-D245D136557B}.Release|Any CPU.Build.0 = Release|Any CPU
	EndGlobalSection
	GlobalSection(SolutionProperties) = preSolution
		HideSolutionNode = FALSE
	EndGlobalSection
	GlobalSection(NestedProjects) = preSolution
		{71C42BD4-1248-4A9A-8D7B-743027236CA1} = {61D1C65D-5B18-4AD0-9B57-5D1A767CE740}
		{848016B0-4CBB-4783-B305-9D1E764A5339} = {61D1C65D-5B18-4AD0-9B57-5D1A767CE740}
		{2AB749C1-F62E-44EE-AE6C-043D5CF537FF} = {B8911CCC-4743-4FA7-AB77-92324299A49B}
	EndGlobalSection
	GlobalSection(ExtensibilityGlobals) = postSolution
		SolutionGuid = {26658818-D6F9-4550-AFAD-FBACA40B9528}
	EndGlobalSection
EndGlobal
